PODS:
  - Nimble (6.0.1)
  - Quick (1.0.0)

DEPENDENCIES:
  - Nimble (from `https://github.com/Quick/Nimble.git`)
  - Quick (from `https://github.com/Quick/Quick.git`)

EXTERNAL SOURCES:
  Nimble:
    :git: https://github.com/Quick/Nimble.git
  Quick:
    :git: https://github.com/Quick/Quick.git

CHECKOUT OPTIONS:
  Nimble:
    :commit: c30676061cf2bf250984a7c3bde3722ef49e4af2
    :git: https://github.com/Quick/Nimble.git
  Quick:
    :commit: 9f873b6113d47190a2870d5d4c91a370c1ece272
    :git: https://github.com/Quick/Quick.git

SPEC CHECKSUMS:
  Nimble: 1aafe036e5b03c5a30d07430fddca564af570696
  Quick: 8024e4a47e6cc03a9d5245ef0948264fc6d27cff

PODFILE CHECKSUM: a009dc60c2ba567f51d4938c849d3939faad76d8

COCOAPODS: 1.2.0
