<?xml version="1.0" encoding="UTF-8"?>
<!DOCTYPE plist PUBLIC "-//Apple//DTD PLIST 1.0//EN" "http://www.apple.com/DTDs/PropertyList-1.0.dtd">
<plist version="1.0">
<dict>
	<key>archiveVersion</key>
	<string>1</string>
	<key>classes</key>
	<dict/>
	<key>objectVersion</key>
	<string>46</string>
	<key>objects</key>
	<dict>
		<key>09DAB701106545C21CBEA285</key>
		<dict>
			<key>children</key>
			<array>
				<string>CD6BEB565F2453886FAE0A25</string>
				<string>7B42E220F296C6223C32FDF8</string>
			</array>
			<key>isa</key>
			<string>PBXGroup</string>
			<key>name</key>
			<string>Frameworks</string>
			<key>sourceTree</key>
			<string>&lt;group&gt;</string>
		</dict>
		<key>10775D4146C7B0BE5CED1AFA</key>
		<dict>
			<key>buildActionMask</key>
			<string>2147483647</string>
			<key>files</key>
			<array/>
			<key>inputPaths</key>
			<array/>
			<key>isa</key>
			<string>PBXShellScriptBuildPhase</string>
			<key>name</key>
			<string>[CP] Embed Pods Frameworks</string>
			<key>outputPaths</key>
			<array/>
			<key>runOnlyForDeploymentPostprocessing</key>
			<string>0</string>
			<key>shellPath</key>
			<string>/bin/sh</string>
			<key>shellScript</key>
			<string>"${SRCROOT}/Pods/Target Support Files/Pods-EnumsFun/Pods-EnumsFun-frameworks.sh"
</string>
			<key>showEnvVarsInLog</key>
			<string>0</string>
		</dict>
		<key>149EA297DE44E7D7B5DC7CA5</key>
		<dict>
			<key>includeInIndex</key>
			<string>1</string>
			<key>isa</key>
			<string>PBXFileReference</string>
			<key>lastKnownFileType</key>
			<string>text.xcconfig</string>
			<key>name</key>
			<string>Pods-EnumsFunTests.release.xcconfig</string>
			<key>path</key>
			<string>Pods/Target Support Files/Pods-EnumsFunTests/Pods-EnumsFunTests.release.xcconfig</string>
			<key>sourceTree</key>
			<string>&lt;group&gt;</string>
		</dict>
		<key>21F9F56CAA1502CB54215923</key>
		<dict>
			<key>includeInIndex</key>
			<string>1</string>
			<key>isa</key>
			<string>PBXFileReference</string>
			<key>lastKnownFileType</key>
			<string>text.xcconfig</string>
			<key>name</key>
			<string>Pods-EnumsFunTests.debug.xcconfig</string>
			<key>path</key>
			<string>Pods/Target Support Files/Pods-EnumsFunTests/Pods-EnumsFunTests.debug.xcconfig</string>
			<key>sourceTree</key>
			<string>&lt;group&gt;</string>
		</dict>
		<key>2EC0478324AAB4E015910908</key>
		<dict>
			<key>buildActionMask</key>
			<string>2147483647</string>
			<key>files</key>
			<array/>
			<key>inputPaths</key>
			<array/>
			<key>isa</key>
			<string>PBXShellScriptBuildPhase</string>
			<key>name</key>
			<string>[CP] Check Pods Manifest.lock</string>
			<key>outputPaths</key>
			<array/>
			<key>runOnlyForDeploymentPostprocessing</key>
			<string>0</string>
			<key>shellPath</key>
			<string>/bin/sh</string>
			<key>shellScript</key>
			<string>diff "${PODS_ROOT}/../Podfile.lock" "${PODS_ROOT}/Manifest.lock" &gt; /dev/null
if [[ $? != 0 ]] ; then
    cat &lt;&lt; EOM
error: The sandbox is not in sync with the Podfile.lock. Run 'pod install' or update your CocoaPods installation.
EOM
    exit 1
fi
</string>
			<key>showEnvVarsInLog</key>
			<string>0</string>
		</dict>
		<key>6FA73C9C9B22092BE3B2D01A</key>
		<dict>
			<key>fileRef</key>
			<string>CD6BEB565F2453886FAE0A25</string>
			<key>isa</key>
			<string>PBXBuildFile</string>
		</dict>
		<key>7B42E220F296C6223C32FDF8</key>
		<dict>
			<key>explicitFileType</key>
			<string>wrapper.framework</string>
			<key>includeInIndex</key>
			<string>0</string>
			<key>isa</key>
			<string>PBXFileReference</string>
			<key>path</key>
			<string>Pods_EnumsFunTests.framework</string>
			<key>sourceTree</key>
			<string>BUILT_PRODUCTS_DIR</string>
		</dict>
		<key>7D2BCC0D1D3FFCC800B4CD52</key>
		<dict>
			<key>children</key>
			<array>
				<string>7D2BCC181D3FFCC800B4CD52</string>
				<string>7D2BCC2D1D3FFCC800B4CD52</string>
				<string>7D2BCC171D3FFCC800B4CD52</string>
				<string>A83FF1A49711A6A165DA4FB7</string>
				<string>09DAB701106545C21CBEA285</string>
			</array>
			<key>isa</key>
			<string>PBXGroup</string>
			<key>sourceTree</key>
			<string>&lt;group&gt;</string>
		</dict>
		<key>7D2BCC0E1D3FFCC800B4CD52</key>
		<dict>
			<key>attributes</key>
			<dict>
				<key>LastSwiftUpdateCheck</key>
				<string>0730</string>
				<key>LastUpgradeCheck</key>
				<string>0730</string>
				<key>ORGANIZATIONNAME</key>
				<string>Gamesmith, LLC</string>
				<key>TargetAttributes</key>
				<dict>
					<key>7D2BCC151D3FFCC800B4CD52</key>
					<dict>
						<key>CreatedOnToolsVersion</key>
						<string>7.3.1</string>
						<key>LastSwiftMigration</key>
						<string>0800</string>
					</dict>
					<key>7D2BCC291D3FFCC800B4CD52</key>
					<dict>
						<key>CreatedOnToolsVersion</key>
						<string>7.3.1</string>
						<key>LastSwiftMigration</key>
						<string>0800</string>
						<key>TestTargetID</key>
						<string>7D2BCC151D3FFCC800B4CD52</string>
					</dict>
				</dict>
			</dict>
			<key>buildConfigurationList</key>
			<string>7D2BCC111D3FFCC800B4CD52</string>
			<key>compatibilityVersion</key>
			<string>Xcode 3.2</string>
			<key>developmentRegion</key>
			<string>English</string>
			<key>hasScannedForEncodings</key>
			<string>0</string>
			<key>isa</key>
			<string>PBXProject</string>
			<key>knownRegions</key>
			<array>
				<string>en</string>
				<string>Base</string>
			</array>
			<key>mainGroup</key>
			<string>7D2BCC0D1D3FFCC800B4CD52</string>
			<key>productRefGroup</key>
			<string>7D2BCC171D3FFCC800B4CD52</string>
			<key>projectDirPath</key>
			<string></string>
			<key>projectReferences</key>
			<array/>
			<key>projectRoot</key>
			<string></string>
			<key>targets</key>
			<array>
				<string>7D2BCC151D3FFCC800B4CD52</string>
				<string>7D2BCC291D3FFCC800B4CD52</string>
			</array>
		</dict>
		<key>7D2BCC111D3FFCC800B4CD52</key>
		<dict>
			<key>buildConfigurations</key>
			<array>
				<string>7D2BCC311D3FFCC800B4CD52</string>
				<string>7D2BCC321D3FFCC800B4CD52</string>
			</array>
			<key>defaultConfigurationIsVisible</key>
			<string>0</string>
			<key>defaultConfigurationName</key>
			<string>Release</string>
			<key>isa</key>
			<string>XCConfigurationList</string>
		</dict>
		<key>7D2BCC121D3FFCC800B4CD52</key>
		<dict>
			<key>buildActionMask</key>
			<string>2147483647</string>
			<key>files</key>
			<array>
				<string>7D2BCC1C1D3FFCC800B4CD52</string>
				<string>B7A3C0D21D518E4700851E3C</string>
				<string>B7A3C0D81D519EA400851E3C</string>
				<string>B7A3C0DC1D519F2E00851E3C</string>
				<string>B7A3C0D61D5190F800851E3C</string>
				<string>B7A3C0DA1D519ED000851E3C</string>
				<string>B7A3C0D01D518C1B00851E3C</string>
				<string>7D2BCC1A1D3FFCC800B4CD52</string>
			</array>
			<key>isa</key>
			<string>PBXSourcesBuildPhase</string>
			<key>runOnlyForDeploymentPostprocessing</key>
			<string>0</string>
		</dict>
		<key>7D2BCC131D3FFCC800B4CD52</key>
		<dict>
			<key>buildActionMask</key>
			<string>2147483647</string>
			<key>files</key>
			<array>
				<string>6FA73C9C9B22092BE3B2D01A</string>
			</array>
			<key>isa</key>
			<string>PBXFrameworksBuildPhase</string>
			<key>runOnlyForDeploymentPostprocessing</key>
			<string>0</string>
		</dict>
		<key>7D2BCC141D3FFCC800B4CD52</key>
		<dict>
			<key>buildActionMask</key>
			<string>2147483647</string>
			<key>files</key>
			<array>
				<string>7D2BCC241D3FFCC800B4CD52</string>
				<string>7D2BCC211D3FFCC800B4CD52</string>
				<string>7D2BCC1F1D3FFCC800B4CD52</string>
			</array>
			<key>isa</key>
			<string>PBXResourcesBuildPhase</string>
			<key>runOnlyForDeploymentPostprocessing</key>
			<string>0</string>
		</dict>
		<key>7D2BCC151D3FFCC800B4CD52</key>
		<dict>
			<key>buildConfigurationList</key>
			<string>7D2BCC331D3FFCC800B4CD52</string>
			<key>buildPhases</key>
			<array>
				<string>F0C5A13D972B0604602A0148</string>
				<string>7D2BCC121D3FFCC800B4CD52</string>
				<string>7D2BCC131D3FFCC800B4CD52</string>
				<string>7D2BCC141D3FFCC800B4CD52</string>
				<string>10775D4146C7B0BE5CED1AFA</string>
				<string>E84E4C5CF9F08A794E817C26</string>
			</array>
			<key>buildRules</key>
			<array/>
			<key>dependencies</key>
			<array/>
			<key>isa</key>
			<string>PBXNativeTarget</string>
			<key>name</key>
			<string>EnumsFun</string>
			<key>productName</key>
			<string>EnumsFun</string>
			<key>productReference</key>
			<string>7D2BCC161D3FFCC800B4CD52</string>
			<key>productType</key>
			<string>com.apple.product-type.application</string>
		</dict>
		<key>7D2BCC161D3FFCC800B4CD52</key>
		<dict>
			<key>explicitFileType</key>
			<string>wrapper.application</string>
			<key>includeInIndex</key>
			<string>0</string>
			<key>isa</key>
			<string>PBXFileReference</string>
			<key>path</key>
			<string>EnumsFun.app</string>
			<key>sourceTree</key>
			<string>BUILT_PRODUCTS_DIR</string>
		</dict>
		<key>7D2BCC171D3FFCC800B4CD52</key>
		<dict>
			<key>children</key>
			<array>
				<string>7D2BCC161D3FFCC800B4CD52</string>
				<string>7D2BCC2A1D3FFCC800B4CD52</string>
			</array>
			<key>isa</key>
			<string>PBXGroup</string>
			<key>name</key>
			<string>Products</string>
			<key>sourceTree</key>
			<string>&lt;group&gt;</string>
		</dict>
		<key>7D2BCC181D3FFCC800B4CD52</key>
		<dict>
			<key>children</key>
			<array>
				<string>7D2BCC191D3FFCC800B4CD52</string>
				<string>7D2BCC1B1D3FFCC800B4CD52</string>
				<string>B7A3C0CF1D518C1B00851E3C</string>
				<string>B7A3C0D51D5190F800851E3C</string>
				<string>B7A3C0DB1D519F2E00851E3C</string>
				<string>B7A3C0D71D519EA400851E3C</string>
				<string>B7A3C0D91D519ED000851E3C</string>
				<string>B7A3C0D11D518E4700851E3C</string>
				<string>7D2BCC1D1D3FFCC800B4CD52</string>
				<string>7D2BCC201D3FFCC800B4CD52</string>
				<string>7D2BCC221D3FFCC800B4CD52</string>
				<string>7D2BCC251D3FFCC800B4CD52</string>
			</array>
			<key>isa</key>
			<string>PBXGroup</string>
			<key>path</key>
			<string>EnumsFun</string>
			<key>sourceTree</key>
			<string>&lt;group&gt;</string>
		</dict>
		<key>7D2BCC191D3FFCC800B4CD52</key>
		<dict>
			<key>isa</key>
			<string>PBXFileReference</string>
			<key>lastKnownFileType</key>
			<string>sourcecode.swift</string>
			<key>path</key>
			<string>AppDelegate.swift</string>
			<key>sourceTree</key>
			<string>&lt;group&gt;</string>
		</dict>
		<key>7D2BCC1A1D3FFCC800B4CD52</key>
		<dict>
			<key>fileRef</key>
			<string>7D2BCC191D3FFCC800B4CD52</string>
			<key>isa</key>
			<string>PBXBuildFile</string>
		</dict>
		<key>7D2BCC1B1D3FFCC800B4CD52</key>
		<dict>
			<key>isa</key>
			<string>PBXFileReference</string>
			<key>lastKnownFileType</key>
			<string>sourcecode.swift</string>
			<key>path</key>
			<string>ViewController.swift</string>
			<key>sourceTree</key>
			<string>&lt;group&gt;</string>
		</dict>
		<key>7D2BCC1C1D3FFCC800B4CD52</key>
		<dict>
			<key>fileRef</key>
			<string>7D2BCC1B1D3FFCC800B4CD52</string>
			<key>isa</key>
			<string>PBXBuildFile</string>
		</dict>
		<key>7D2BCC1D1D3FFCC800B4CD52</key>
		<dict>
			<key>children</key>
			<array>
				<string>7D2BCC1E1D3FFCC800B4CD52</string>
			</array>
			<key>isa</key>
			<string>PBXVariantGroup</string>
			<key>name</key>
			<string>Main.storyboard</string>
			<key>sourceTree</key>
			<string>&lt;group&gt;</string>
		</dict>
		<key>7D2BCC1E1D3FFCC800B4CD52</key>
		<dict>
			<key>isa</key>
			<string>PBXFileReference</string>
			<key>lastKnownFileType</key>
			<string>file.storyboard</string>
			<key>name</key>
			<string>Base</string>
			<key>path</key>
			<string>Base.lproj/Main.storyboard</string>
			<key>sourceTree</key>
			<string>&lt;group&gt;</string>
		</dict>
		<key>7D2BCC1F1D3FFCC800B4CD52</key>
		<dict>
			<key>fileRef</key>
			<string>7D2BCC1D1D3FFCC800B4CD52</string>
			<key>isa</key>
			<string>PBXBuildFile</string>
		</dict>
		<key>7D2BCC201D3FFCC800B4CD52</key>
		<dict>
			<key>isa</key>
			<string>PBXFileReference</string>
			<key>lastKnownFileType</key>
			<string>folder.assetcatalog</string>
			<key>path</key>
			<string>Assets.xcassets</string>
			<key>sourceTree</key>
			<string>&lt;group&gt;</string>
		</dict>
		<key>7D2BCC211D3FFCC800B4CD52</key>
		<dict>
			<key>fileRef</key>
			<string>7D2BCC201D3FFCC800B4CD52</string>
			<key>isa</key>
			<string>PBXBuildFile</string>
		</dict>
		<key>7D2BCC221D3FFCC800B4CD52</key>
		<dict>
			<key>children</key>
			<array>
				<string>7D2BCC231D3FFCC800B4CD52</string>
			</array>
			<key>isa</key>
			<string>PBXVariantGroup</string>
			<key>name</key>
			<string>LaunchScreen.storyboard</string>
			<key>sourceTree</key>
			<string>&lt;group&gt;</string>
		</dict>
		<key>7D2BCC231D3FFCC800B4CD52</key>
		<dict>
			<key>isa</key>
			<string>PBXFileReference</string>
			<key>lastKnownFileType</key>
			<string>file.storyboard</string>
			<key>name</key>
			<string>Base</string>
			<key>path</key>
			<string>Base.lproj/LaunchScreen.storyboard</string>
			<key>sourceTree</key>
			<string>&lt;group&gt;</string>
		</dict>
		<key>7D2BCC241D3FFCC800B4CD52</key>
		<dict>
			<key>fileRef</key>
			<string>7D2BCC221D3FFCC800B4CD52</string>
			<key>isa</key>
			<string>PBXBuildFile</string>
		</dict>
		<key>7D2BCC251D3FFCC800B4CD52</key>
		<dict>
			<key>isa</key>
			<string>PBXFileReference</string>
			<key>lastKnownFileType</key>
			<string>text.plist.xml</string>
			<key>path</key>
			<string>Info.plist</string>
			<key>sourceTree</key>
			<string>&lt;group&gt;</string>
		</dict>
		<key>7D2BCC261D3FFCC800B4CD52</key>
		<dict>
			<key>buildActionMask</key>
			<string>2147483647</string>
			<key>files</key>
			<array>
				<string>B7A3C0E01D51AA7B00851E3C</string>
				<string>B7A3C0E41D51ADF600851E3C</string>
				<string>B7A3C0E61D51AFBF00851E3C</string>
				<string>B7A3C0DE1D51A9FC00851E3C</string>
				<string>B7A3C0D41D518F3800851E3C</string>
				<string>B7A3C0E21D51AB9600851E3C</string>
			</array>
			<key>isa</key>
			<string>PBXSourcesBuildPhase</string>
			<key>runOnlyForDeploymentPostprocessing</key>
			<string>0</string>
		</dict>
		<key>7D2BCC271D3FFCC800B4CD52</key>
		<dict>
			<key>buildActionMask</key>
			<string>2147483647</string>
			<key>files</key>
			<array>
				<string>81262DDF262A9C027926E44A</string>
			</array>
			<key>isa</key>
			<string>PBXFrameworksBuildPhase</string>
			<key>runOnlyForDeploymentPostprocessing</key>
			<string>0</string>
		</dict>
		<key>7D2BCC281D3FFCC800B4CD52</key>
		<dict>
			<key>buildActionMask</key>
			<string>2147483647</string>
			<key>files</key>
			<array/>
			<key>isa</key>
			<string>PBXResourcesBuildPhase</string>
			<key>runOnlyForDeploymentPostprocessing</key>
			<string>0</string>
		</dict>
		<key>7D2BCC291D3FFCC800B4CD52</key>
		<dict>
			<key>buildConfigurationList</key>
			<string>7D2BCC361D3FFCC800B4CD52</string>
			<key>buildPhases</key>
			<array>
				<string>2EC0478324AAB4E015910908</string>
				<string>7D2BCC261D3FFCC800B4CD52</string>
				<string>7D2BCC271D3FFCC800B4CD52</string>
				<string>7D2BCC281D3FFCC800B4CD52</string>
				<string>87E8517C966F3A170FC45988</string>
				<string>F11016230BBF7DDCB1E505CD</string>
			</array>
			<key>buildRules</key>
			<array/>
			<key>dependencies</key>
			<array>
				<string>7D2BCC2C1D3FFCC800B4CD52</string>
			</array>
			<key>isa</key>
			<string>PBXNativeTarget</string>
			<key>name</key>
			<string>EnumsFunTests</string>
			<key>productName</key>
			<string>EnumsFunTests</string>
			<key>productReference</key>
			<string>7D2BCC2A1D3FFCC800B4CD52</string>
			<key>productType</key>
			<string>com.apple.product-type.bundle.unit-test</string>
		</dict>
		<key>7D2BCC2A1D3FFCC800B4CD52</key>
		<dict>
			<key>explicitFileType</key>
			<string>wrapper.cfbundle</string>
			<key>includeInIndex</key>
			<string>0</string>
			<key>isa</key>
			<string>PBXFileReference</string>
			<key>path</key>
			<string>EnumsFunTests.xctest</string>
			<key>sourceTree</key>
			<string>BUILT_PRODUCTS_DIR</string>
		</dict>
		<key>7D2BCC2B1D3FFCC800B4CD52</key>
		<dict>
			<key>containerPortal</key>
			<string>7D2BCC0E1D3FFCC800B4CD52</string>
			<key>isa</key>
			<string>PBXContainerItemProxy</string>
			<key>proxyType</key>
			<string>1</string>
			<key>remoteGlobalIDString</key>
			<string>7D2BCC151D3FFCC800B4CD52</string>
			<key>remoteInfo</key>
			<string>EnumsFun</string>
		</dict>
		<key>7D2BCC2C1D3FFCC800B4CD52</key>
		<dict>
			<key>isa</key>
			<string>PBXTargetDependency</string>
			<key>target</key>
			<string>7D2BCC151D3FFCC800B4CD52</string>
			<key>targetProxy</key>
			<string>7D2BCC2B1D3FFCC800B4CD52</string>
		</dict>
		<key>7D2BCC2D1D3FFCC800B4CD52</key>
		<dict>
			<key>children</key>
			<array>
				<string>B7A3C0D31D518F3800851E3C</string>
				<string>B7A3C0DD1D51A9FC00851E3C</string>
				<string>B7A3C0DF1D51AA7B00851E3C</string>
				<string>B7A3C0E51D51AFBF00851E3C</string>
				<string>B7A3C0E11D51AB9600851E3C</string>
				<string>B7A3C0E31D51ADF600851E3C</string>
				<string>7D2BCC301D3FFCC800B4CD52</string>
			</array>
			<key>isa</key>
			<string>PBXGroup</string>
			<key>path</key>
			<string>EnumsFunTests</string>
			<key>sourceTree</key>
			<string>&lt;group&gt;</string>
		</dict>
		<key>7D2BCC301D3FFCC800B4CD52</key>
		<dict>
			<key>isa</key>
			<string>PBXFileReference</string>
			<key>lastKnownFileType</key>
			<string>text.plist.xml</string>
			<key>path</key>
			<string>Info.plist</string>
			<key>sourceTree</key>
			<string>&lt;group&gt;</string>
		</dict>
		<key>7D2BCC311D3FFCC800B4CD52</key>
		<dict>
			<key>buildSettings</key>
			<dict>
				<key>ALWAYS_SEARCH_USER_PATHS</key>
				<string>NO</string>
				<key>CLANG_ANALYZER_NONNULL</key>
				<string>YES</string>
				<key>CLANG_CXX_LANGUAGE_STANDARD</key>
				<string>gnu++0x</string>
				<key>CLANG_CXX_LIBRARY</key>
				<string>libc++</string>
				<key>CLANG_ENABLE_MODULES</key>
				<string>YES</string>
				<key>CLANG_ENABLE_OBJC_ARC</key>
				<string>YES</string>
				<key>CLANG_WARN_BOOL_CONVERSION</key>
				<string>YES</string>
				<key>CLANG_WARN_CONSTANT_CONVERSION</key>
				<string>YES</string>
				<key>CLANG_WARN_DIRECT_OBJC_ISA_USAGE</key>
				<string>YES_ERROR</string>
				<key>CLANG_WARN_EMPTY_BODY</key>
				<string>YES</string>
				<key>CLANG_WARN_ENUM_CONVERSION</key>
				<string>YES</string>
				<key>CLANG_WARN_INT_CONVERSION</key>
				<string>YES</string>
				<key>CLANG_WARN_OBJC_ROOT_CLASS</key>
				<string>YES_ERROR</string>
				<key>CLANG_WARN_UNREACHABLE_CODE</key>
				<string>YES</string>
				<key>CLANG_WARN__DUPLICATE_METHOD_MATCH</key>
				<string>YES</string>
				<key>CODE_SIGN_IDENTITY[sdk=iphoneos*]</key>
				<string>iPhone Developer</string>
				<key>COPY_PHASE_STRIP</key>
				<string>NO</string>
				<key>DEBUG_INFORMATION_FORMAT</key>
				<string>dwarf</string>
				<key>ENABLE_STRICT_OBJC_MSGSEND</key>
				<string>YES</string>
				<key>ENABLE_TESTABILITY</key>
				<string>YES</string>
				<key>GCC_C_LANGUAGE_STANDARD</key>
				<string>gnu99</string>
				<key>GCC_DYNAMIC_NO_PIC</key>
				<string>NO</string>
				<key>GCC_NO_COMMON_BLOCKS</key>
				<string>YES</string>
				<key>GCC_OPTIMIZATION_LEVEL</key>
				<string>0</string>
				<key>GCC_PREPROCESSOR_DEFINITIONS</key>
				<array>
					<string>DEBUG=1</string>
					<string>$(inherited)</string>
				</array>
				<key>GCC_WARN_64_TO_32_BIT_CONVERSION</key>
				<string>YES</string>
				<key>GCC_WARN_ABOUT_RETURN_TYPE</key>
				<string>YES_ERROR</string>
				<key>GCC_WARN_UNDECLARED_SELECTOR</key>
				<string>YES</string>
				<key>GCC_WARN_UNINITIALIZED_AUTOS</key>
				<string>YES_AGGRESSIVE</string>
				<key>GCC_WARN_UNUSED_FUNCTION</key>
				<string>YES</string>
				<key>GCC_WARN_UNUSED_VARIABLE</key>
				<string>YES</string>
				<key>IPHONEOS_DEPLOYMENT_TARGET</key>
				<string>9.3</string>
				<key>MTL_ENABLE_DEBUG_INFO</key>
				<string>YES</string>
				<key>ONLY_ACTIVE_ARCH</key>
				<string>YES</string>
				<key>SDKROOT</key>
				<string>iphoneos</string>
				<key>SWIFT_OPTIMIZATION_LEVEL</key>
				<string>-Onone</string>
			</dict>
			<key>isa</key>
			<string>XCBuildConfiguration</string>
			<key>name</key>
			<string>Debug</string>
		</dict>
		<key>7D2BCC321D3FFCC800B4CD52</key>
		<dict>
			<key>buildSettings</key>
			<dict>
				<key>ALWAYS_SEARCH_USER_PATHS</key>
				<string>NO</string>
				<key>CLANG_ANALYZER_NONNULL</key>
				<string>YES</string>
				<key>CLANG_CXX_LANGUAGE_STANDARD</key>
				<string>gnu++0x</string>
				<key>CLANG_CXX_LIBRARY</key>
				<string>libc++</string>
				<key>CLANG_ENABLE_MODULES</key>
				<string>YES</string>
				<key>CLANG_ENABLE_OBJC_ARC</key>
				<string>YES</string>
				<key>CLANG_WARN_BOOL_CONVERSION</key>
				<string>YES</string>
				<key>CLANG_WARN_CONSTANT_CONVERSION</key>
				<string>YES</string>
				<key>CLANG_WARN_DIRECT_OBJC_ISA_USAGE</key>
				<string>YES_ERROR</string>
				<key>CLANG_WARN_EMPTY_BODY</key>
				<string>YES</string>
				<key>CLANG_WARN_ENUM_CONVERSION</key>
				<string>YES</string>
				<key>CLANG_WARN_INT_CONVERSION</key>
				<string>YES</string>
				<key>CLANG_WARN_OBJC_ROOT_CLASS</key>
				<string>YES_ERROR</string>
				<key>CLANG_WARN_UNREACHABLE_CODE</key>
				<string>YES</string>
				<key>CLANG_WARN__DUPLICATE_METHOD_MATCH</key>
				<string>YES</string>
				<key>CODE_SIGN_IDENTITY[sdk=iphoneos*]</key>
				<string>iPhone Developer</string>
				<key>COPY_PHASE_STRIP</key>
				<string>NO</string>
				<key>DEBUG_INFORMATION_FORMAT</key>
				<string>dwarf-with-dsym</string>
				<key>ENABLE_NS_ASSERTIONS</key>
				<string>NO</string>
				<key>ENABLE_STRICT_OBJC_MSGSEND</key>
				<string>YES</string>
				<key>GCC_C_LANGUAGE_STANDARD</key>
				<string>gnu99</string>
				<key>GCC_NO_COMMON_BLOCKS</key>
				<string>YES</string>
				<key>GCC_WARN_64_TO_32_BIT_CONVERSION</key>
				<string>YES</string>
				<key>GCC_WARN_ABOUT_RETURN_TYPE</key>
				<string>YES_ERROR</string>
				<key>GCC_WARN_UNDECLARED_SELECTOR</key>
				<string>YES</string>
				<key>GCC_WARN_UNINITIALIZED_AUTOS</key>
				<string>YES_AGGRESSIVE</string>
				<key>GCC_WARN_UNUSED_FUNCTION</key>
				<string>YES</string>
				<key>GCC_WARN_UNUSED_VARIABLE</key>
				<string>YES</string>
				<key>IPHONEOS_DEPLOYMENT_TARGET</key>
				<string>9.3</string>
				<key>MTL_ENABLE_DEBUG_INFO</key>
				<string>NO</string>
				<key>SDKROOT</key>
				<string>iphoneos</string>
				<key>VALIDATE_PRODUCT</key>
				<string>YES</string>
			</dict>
			<key>isa</key>
			<string>XCBuildConfiguration</string>
			<key>name</key>
			<string>Release</string>
		</dict>
		<key>7D2BCC331D3FFCC800B4CD52</key>
		<dict>
			<key>buildConfigurations</key>
			<array>
				<string>7D2BCC341D3FFCC800B4CD52</string>
				<string>7D2BCC351D3FFCC800B4CD52</string>
			</array>
			<key>defaultConfigurationIsVisible</key>
			<string>0</string>
			<key>defaultConfigurationName</key>
			<string>Release</string>
			<key>isa</key>
			<string>XCConfigurationList</string>
		</dict>
		<key>7D2BCC341D3FFCC800B4CD52</key>
		<dict>
			<key>baseConfigurationReference</key>
			<string>AB4A3C705BC0293860E275C6</string>
			<key>buildSettings</key>
			<dict>
				<key>ASSETCATALOG_COMPILER_APPICON_NAME</key>
				<string>AppIcon</string>
				<key>INFOPLIST_FILE</key>
				<string>EnumsFun/Info.plist</string>
				<key>LD_RUNPATH_SEARCH_PATHS</key>
				<string>$(inherited) @executable_path/Frameworks</string>
				<key>PRODUCT_BUNDLE_IDENTIFIER</key>
				<string>com.Gamesmith.Swift.EnumsFun</string>
				<key>PRODUCT_NAME</key>
				<string>$(TARGET_NAME)</string>
				<key>SWIFT_VERSION</key>
				<string>3.0</string>
			</dict>
			<key>isa</key>
			<string>XCBuildConfiguration</string>
			<key>name</key>
			<string>Debug</string>
		</dict>
		<key>7D2BCC351D3FFCC800B4CD52</key>
		<dict>
			<key>baseConfigurationReference</key>
			<string>D21F1A0FB6121FAA72AF640F</string>
			<key>buildSettings</key>
			<dict>
				<key>ASSETCATALOG_COMPILER_APPICON_NAME</key>
				<string>AppIcon</string>
				<key>INFOPLIST_FILE</key>
				<string>EnumsFun/Info.plist</string>
				<key>LD_RUNPATH_SEARCH_PATHS</key>
				<string>$(inherited) @executable_path/Frameworks</string>
				<key>PRODUCT_BUNDLE_IDENTIFIER</key>
				<string>com.Gamesmith.Swift.EnumsFun</string>
				<key>PRODUCT_NAME</key>
				<string>$(TARGET_NAME)</string>
				<key>SWIFT_VERSION</key>
				<string>3.0</string>
			</dict>
			<key>isa</key>
			<string>XCBuildConfiguration</string>
			<key>name</key>
			<string>Release</string>
		</dict>
		<key>7D2BCC361D3FFCC800B4CD52</key>
		<dict>
			<key>buildConfigurations</key>
			<array>
				<string>7D2BCC371D3FFCC800B4CD52</string>
				<string>7D2BCC381D3FFCC800B4CD52</string>
			</array>
			<key>defaultConfigurationIsVisible</key>
			<string>0</string>
			<key>defaultConfigurationName</key>
			<string>Release</string>
			<key>isa</key>
			<string>XCConfigurationList</string>
		</dict>
		<key>7D2BCC371D3FFCC800B4CD52</key>
		<dict>
			<key>baseConfigurationReference</key>
			<string>21F9F56CAA1502CB54215923</string>
			<key>buildSettings</key>
			<dict>
				<key>BUNDLE_LOADER</key>
				<string>$(TEST_HOST)</string>
				<key>CLANG_ENABLE_MODULES</key>
				<string>YES</string>
				<key>INFOPLIST_FILE</key>
				<string>EnumsFunTests/Info.plist</string>
				<key>LD_RUNPATH_SEARCH_PATHS</key>
				<string>$(inherited) @executable_path/Frameworks @loader_path/Frameworks</string>
				<key>PRODUCT_BUNDLE_IDENTIFIER</key>
				<string>com.Gamesmith.Swift.EnumsFunTests</string>
				<key>PRODUCT_NAME</key>
				<string>$(TARGET_NAME)</string>
				<key>SWIFT_OPTIMIZATION_LEVEL</key>
				<string>-Onone</string>
				<key>SWIFT_VERSION</key>
				<string>3.0</string>
				<key>TEST_HOST</key>
				<string>$(BUILT_PRODUCTS_DIR)/EnumsFun.app/EnumsFun</string>
			</dict>
			<key>isa</key>
			<string>XCBuildConfiguration</string>
			<key>name</key>
			<string>Debug</string>
		</dict>
		<key>7D2BCC381D3FFCC800B4CD52</key>
		<dict>
			<key>baseConfigurationReference</key>
			<string>149EA297DE44E7D7B5DC7CA5</string>
			<key>buildSettings</key>
			<dict>
				<key>BUNDLE_LOADER</key>
				<string>$(TEST_HOST)</string>
				<key>CLANG_ENABLE_MODULES</key>
				<string>YES</string>
				<key>INFOPLIST_FILE</key>
				<string>EnumsFunTests/Info.plist</string>
				<key>LD_RUNPATH_SEARCH_PATHS</key>
				<string>$(inherited) @executable_path/Frameworks @loader_path/Frameworks</string>
				<key>PRODUCT_BUNDLE_IDENTIFIER</key>
				<string>com.Gamesmith.Swift.EnumsFunTests</string>
				<key>PRODUCT_NAME</key>
				<string>$(TARGET_NAME)</string>
				<key>SWIFT_VERSION</key>
				<string>3.0</string>
				<key>TEST_HOST</key>
				<string>$(BUILT_PRODUCTS_DIR)/EnumsFun.app/EnumsFun</string>
			</dict>
			<key>isa</key>
			<string>XCBuildConfiguration</string>
			<key>name</key>
			<string>Release</string>
		</dict>
		<key>81262DDF262A9C027926E44A</key>
		<dict>
			<key>fileRef</key>
			<string>7B42E220F296C6223C32FDF8</string>
			<key>isa</key>
			<string>PBXBuildFile</string>
		</dict>
		<key>87E8517C966F3A170FC45988</key>
		<dict>
			<key>buildActionMask</key>
			<string>2147483647</string>
			<key>files</key>
			<array/>
			<key>inputPaths</key>
			<array/>
			<key>isa</key>
			<string>PBXShellScriptBuildPhase</string>
			<key>name</key>
			<string>[CP] Embed Pods Frameworks</string>
			<key>outputPaths</key>
			<array/>
			<key>runOnlyForDeploymentPostprocessing</key>
			<string>0</string>
			<key>shellPath</key>
			<string>/bin/sh</string>
			<key>shellScript</key>
			<string>"${SRCROOT}/Pods/Target Support Files/Pods-EnumsFunTests/Pods-EnumsFunTests-frameworks.sh"
</string>
			<key>showEnvVarsInLog</key>
			<string>0</string>
		</dict>
		<key>A83FF1A49711A6A165DA4FB7</key>
		<dict>
			<key>children</key>
			<array>
				<string>AB4A3C705BC0293860E275C6</string>
				<string>D21F1A0FB6121FAA72AF640F</string>
				<string>21F9F56CAA1502CB54215923</string>
				<string>149EA297DE44E7D7B5DC7CA5</string>
			</array>
			<key>isa</key>
			<string>PBXGroup</string>
			<key>name</key>
			<string>Pods</string>
			<key>sourceTree</key>
			<string>&lt;group&gt;</string>
		</dict>
		<key>AB4A3C705BC0293860E275C6</key>
		<dict>
			<key>includeInIndex</key>
			<string>1</string>
			<key>isa</key>
			<string>PBXFileReference</string>
			<key>lastKnownFileType</key>
			<string>text.xcconfig</string>
			<key>name</key>
			<string>Pods-EnumsFun.debug.xcconfig</string>
			<key>path</key>
			<string>Pods/Target Support Files/Pods-EnumsFun/Pods-EnumsFun.debug.xcconfig</string>
			<key>sourceTree</key>
			<string>&lt;group&gt;</string>
		</dict>
		<key>B7A3C0CF1D518C1B00851E3C</key>
		<dict>
			<key>fileEncoding</key>
			<string>4</string>
			<key>isa</key>
			<string>PBXFileReference</string>
			<key>lastKnownFileType</key>
			<string>sourcecode.swift</string>
			<key>path</key>
			<string>Card.swift</string>
			<key>sourceTree</key>
			<string>&lt;group&gt;</string>
		</dict>
		<key>B7A3C0D01D518C1B00851E3C</key>
		<dict>
			<key>fileRef</key>
			<string>B7A3C0CF1D518C1B00851E3C</string>
			<key>isa</key>
			<string>PBXBuildFile</string>
		</dict>
		<key>B7A3C0D11D518E4700851E3C</key>
		<dict>
			<key>fileEncoding</key>
			<string>4</string>
			<key>isa</key>
			<string>PBXFileReference</string>
			<key>lastKnownFileType</key>
			<string>sourcecode.swift</string>
			<key>path</key>
			<string>Array.swift</string>
			<key>sourceTree</key>
			<string>&lt;group&gt;</string>
		</dict>
		<key>B7A3C0D21D518E4700851E3C</key>
		<dict>
			<key>fileRef</key>
			<string>B7A3C0D11D518E4700851E3C</string>
			<key>isa</key>
			<string>PBXBuildFile</string>
		</dict>
		<key>B7A3C0D31D518F3800851E3C</key>
		<dict>
			<key>fileEncoding</key>
			<string>4</string>
			<key>isa</key>
			<string>PBXFileReference</string>
			<key>lastKnownFileType</key>
			<string>sourcecode.swift</string>
			<key>path</key>
			<string>ArraySpec.swift</string>
			<key>sourceTree</key>
			<string>&lt;group&gt;</string>
		</dict>
		<key>B7A3C0D41D518F3800851E3C</key>
		<dict>
			<key>fileRef</key>
			<string>B7A3C0D31D518F3800851E3C</string>
			<key>isa</key>
			<string>PBXBuildFile</string>
		</dict>
		<key>B7A3C0D51D5190F800851E3C</key>
		<dict>
			<key>fileEncoding</key>
			<string>4</string>
			<key>isa</key>
			<string>PBXFileReference</string>
			<key>lastKnownFileType</key>
			<string>sourcecode.swift</string>
			<key>path</key>
			<string>Deck.swift</string>
			<key>sourceTree</key>
			<string>&lt;group&gt;</string>
		</dict>
		<key>B7A3C0D61D5190F800851E3C</key>
		<dict>
			<key>fileRef</key>
			<string>B7A3C0D51D5190F800851E3C</string>
			<key>isa</key>
			<string>PBXBuildFile</string>
		</dict>
		<key>B7A3C0D71D519EA400851E3C</key>
		<dict>
			<key>fileEncoding</key>
			<string>4</string>
			<key>isa</key>
			<string>PBXFileReference</string>
			<key>lastKnownFileType</key>
			<string>sourcecode.swift</string>
			<key>path</key>
			<string>Hand.swift</string>
			<key>sourceTree</key>
			<string>&lt;group&gt;</string>
		</dict>
		<key>B7A3C0D81D519EA400851E3C</key>
		<dict>
			<key>fileRef</key>
			<string>B7A3C0D71D519EA400851E3C</string>
			<key>isa</key>
			<string>PBXBuildFile</string>
		</dict>
		<key>B7A3C0D91D519ED000851E3C</key>
		<dict>
			<key>fileEncoding</key>
			<string>4</string>
			<key>isa</key>
			<string>PBXFileReference</string>
			<key>lastKnownFileType</key>
			<string>sourcecode.swift</string>
			<key>path</key>
			<string>Player.swift</string>
			<key>sourceTree</key>
			<string>&lt;group&gt;</string>
		</dict>
		<key>B7A3C0DA1D519ED000851E3C</key>
		<dict>
			<key>fileRef</key>
			<string>B7A3C0D91D519ED000851E3C</string>
			<key>isa</key>
			<string>PBXBuildFile</string>
		</dict>
		<key>B7A3C0DB1D519F2E00851E3C</key>
		<dict>
			<key>fileEncoding</key>
			<string>4</string>
			<key>isa</key>
			<string>PBXFileReference</string>
			<key>lastKnownFileType</key>
			<string>sourcecode.swift</string>
			<key>path</key>
			<string>GameEngine.swift</string>
			<key>sourceTree</key>
			<string>&lt;group&gt;</string>
		</dict>
		<key>B7A3C0DC1D519F2E00851E3C</key>
		<dict>
			<key>fileRef</key>
			<string>B7A3C0DB1D519F2E00851E3C</string>
			<key>isa</key>
			<string>PBXBuildFile</string>
		</dict>
		<key>B7A3C0DD1D51A9FC00851E3C</key>
		<dict>
			<key>fileEncoding</key>
			<string>4</string>
			<key>isa</key>
			<string>PBXFileReference</string>
			<key>lastKnownFileType</key>
			<string>sourcecode.swift</string>
			<key>path</key>
			<string>CardSpec.swift</string>
			<key>sourceTree</key>
			<string>&lt;group&gt;</string>
		</dict>
		<key>B7A3C0DE1D51A9FC00851E3C</key>
		<dict>
			<key>fileRef</key>
			<string>B7A3C0DD1D51A9FC00851E3C</string>
			<key>isa</key>
			<string>PBXBuildFile</string>
		</dict>
		<key>B7A3C0DF1D51AA7B00851E3C</key>
		<dict>
			<key>fileEncoding</key>
			<string>4</string>
			<key>isa</key>
			<string>PBXFileReference</string>
			<key>lastKnownFileType</key>
			<string>sourcecode.swift</string>
			<key>path</key>
			<string>DeckSpec.swift</string>
			<key>sourceTree</key>
			<string>&lt;group&gt;</string>
		</dict>
		<key>B7A3C0E01D51AA7B00851E3C</key>
		<dict>
			<key>fileRef</key>
			<string>B7A3C0DF1D51AA7B00851E3C</string>
			<key>isa</key>
			<string>PBXBuildFile</string>
		</dict>
		<key>B7A3C0E11D51AB9600851E3C</key>
		<dict>
			<key>fileEncoding</key>
			<string>4</string>
			<key>isa</key>
			<string>PBXFileReference</string>
			<key>lastKnownFileType</key>
			<string>sourcecode.swift</string>
			<key>path</key>
			<string>HandSpec.swift</string>
			<key>sourceTree</key>
			<string>&lt;group&gt;</string>
		</dict>
		<key>B7A3C0E21D51AB9600851E3C</key>
		<dict>
			<key>fileRef</key>
			<string>B7A3C0E11D51AB9600851E3C</string>
			<key>isa</key>
			<string>PBXBuildFile</string>
		</dict>
		<key>B7A3C0E31D51ADF600851E3C</key>
		<dict>
			<key>fileEncoding</key>
			<string>4</string>
			<key>isa</key>
			<string>PBXFileReference</string>
			<key>lastKnownFileType</key>
			<string>sourcecode.swift</string>
			<key>path</key>
			<string>PlayerSpec.swift</string>
			<key>sourceTree</key>
			<string>&lt;group&gt;</string>
		</dict>
		<key>B7A3C0E41D51ADF600851E3C</key>
		<dict>
			<key>fileRef</key>
			<string>B7A3C0E31D51ADF600851E3C</string>
			<key>isa</key>
			<string>PBXBuildFile</string>
		</dict>
		<key>B7A3C0E51D51AFBF00851E3C</key>
		<dict>
			<key>fileEncoding</key>
			<string>4</string>
			<key>isa</key>
			<string>PBXFileReference</string>
			<key>lastKnownFileType</key>
			<string>sourcecode.swift</string>
			<key>path</key>
			<string>GameEngineSpec.swift</string>
			<key>sourceTree</key>
			<string>&lt;group&gt;</string>
		</dict>
		<key>B7A3C0E61D51AFBF00851E3C</key>
		<dict>
			<key>fileRef</key>
			<string>B7A3C0E51D51AFBF00851E3C</string>
			<key>isa</key>
			<string>PBXBuildFile</string>
		</dict>
		<key>CD6BEB565F2453886FAE0A25</key>
		<dict>
			<key>explicitFileType</key>
			<string>wrapper.framework</string>
			<key>includeInIndex</key>
			<string>0</string>
			<key>isa</key>
			<string>PBXFileReference</string>
			<key>path</key>
			<string>Pods_EnumsFun.framework</string>
			<key>sourceTree</key>
			<string>BUILT_PRODUCTS_DIR</string>
		</dict>
		<key>D21F1A0FB6121FAA72AF640F</key>
		<dict>
			<key>includeInIndex</key>
			<string>1</string>
			<key>isa</key>
			<string>PBXFileReference</string>
			<key>lastKnownFileType</key>
			<string>text.xcconfig</string>
			<key>name</key>
			<string>Pods-EnumsFun.release.xcconfig</string>
			<key>path</key>
			<string>Pods/Target Support Files/Pods-EnumsFun/Pods-EnumsFun.release.xcconfig</string>
			<key>sourceTree</key>
			<string>&lt;group&gt;</string>
		</dict>
		<key>E84E4C5CF9F08A794E817C26</key>
		<dict>
			<key>buildActionMask</key>
			<string>2147483647</string>
			<key>files</key>
			<array/>
			<key>inputPaths</key>
			<array/>
			<key>isa</key>
			<string>PBXShellScriptBuildPhase</string>
			<key>name</key>
			<string>[CP] Copy Pods Resources</string>
			<key>outputPaths</key>
			<array/>
			<key>runOnlyForDeploymentPostprocessing</key>
			<string>0</string>
			<key>shellPath</key>
			<string>/bin/sh</string>
			<key>shellScript</key>
			<string>"${SRCROOT}/Pods/Target Support Files/Pods-EnumsFun/Pods-EnumsFun-resources.sh"
</string>
			<key>showEnvVarsInLog</key>
			<string>0</string>
		</dict>
		<key>F0C5A13D972B0604602A0148</key>
		<dict>
			<key>buildActionMask</key>
			<string>2147483647</string>
			<key>files</key>
			<array/>
			<key>inputPaths</key>
			<array/>
			<key>isa</key>
			<string>PBXShellScriptBuildPhase</string>
			<key>name</key>
			<string>[CP] Check Pods Manifest.lock</string>
			<key>outputPaths</key>
			<array/>
			<key>runOnlyForDeploymentPostprocessing</key>
			<string>0</string>
			<key>shellPath</key>
			<string>/bin/sh</string>
			<key>shellScript</key>
			<string>diff "${PODS_ROOT}/../Podfile.lock" "${PODS_ROOT}/Manifest.lock" &gt; /dev/null
if [[ $? != 0 ]] ; then
    cat &lt;&lt; EOM
error: The sandbox is not in sync with the Podfile.lock. Run 'pod install' or update your CocoaPods installation.
EOM
    exit 1
fi
</string>
			<key>showEnvVarsInLog</key>
			<string>0</string>
		</dict>
		<key>F11016230BBF7DDCB1E505CD</key>
		<dict>
			<key>buildActionMask</key>
			<string>2147483647</string>
			<key>files</key>
			<array/>
			<key>inputPaths</key>
			<array/>
			<key>isa</key>
			<string>PBXShellScriptBuildPhase</string>
			<key>name</key>
			<string>[CP] Copy Pods Resources</string>
			<key>outputPaths</key>
			<array/>
			<key>runOnlyForDeploymentPostprocessing</key>
			<string>0</string>
			<key>shellPath</key>
			<string>/bin/sh</string>
			<key>shellScript</key>
			<string>"${SRCROOT}/Pods/Target Support Files/Pods-EnumsFunTests/Pods-EnumsFunTests-resources.sh"
</string>
			<key>showEnvVarsInLog</key>
			<string>0</string>
		</dict>
	</dict>
	<key>rootObject</key>
	<string>7D2BCC0E1D3FFCC800B4CD52</string>
</dict>
</plist>
